
Microsoft Visual Studio Solution File, Format Version 12.00
# Visual Studio Version 17
VisualStudioVersion = 17.11.35303.130
MinimumVisualStudioVersion = 10.0.40219.1
Project("{FAE04EC0-301F-11D3-BF4B-00C04F79EFBC}") = "Calculator", "Calculator.csproj", "{F9AC1A68-E95F-4325-89C4-5F4CA0B51EF4}"
EndProject
Global
	GlobalSection(SolutionConfigurationPlatforms) = preSolution
		Debug|Any CPU = Debug|Any CPU
		Release|Any CPU = Release|Any CPU
	EndGlobalSection
	GlobalSection(ProjectConfigurationPlatforms) = postSolution
		{F9AC1A68-E95F-4325-89C4-5F4CA0B51EF4}.Debug|Any CPU.ActiveCfg = Debug|Any CPU
		{F9AC1A68-E95F-4325-89C4-5F4CA0B51EF4}.Debug|Any CPU.Build.0 = Debug|Any CPU
		{F9AC1A68-E95F-4325-89C4-5F4CA0B51EF4}.Release|Any CPU.ActiveCfg = Release|Any CPU
		{F9AC1A68-E95F-4325-89C4-5F4CA0B51EF4}.Release|Any CPU.Build.0 = Release|Any CPU
	EndGlobalSection
	GlobalSection(SolutionProperties) = preSolution
		HideSolutionNode = FALSE
	EndGlobalSection
	GlobalSection(ExtensibilityGlobals) = postSolution
		SolutionGuid = {AF86BF47-A0DE-4130-8ACD-B61F5D175E5D}
	EndGlobalSection
EndGlobal
